
Microsoft Visual Studio Solution File, Format Version 12.00
# Visual Studio Version 16
VisualStudioVersion = 16.0.31410.223
MinimumVisualStudioVersion = 10.0.40219.1
Project("{9A19103F-16F7-4668-BE54-9A1E7A4F7556}") = "MiniCodeProject", "MiniCodeProject\MiniCodeProject.csproj", "{22832B9F-D3A4-4FBC-B50D-C786E709F9CD}"
EndProject
Project("{FAE04EC0-301F-11D3-BF4B-00C04F79EFBC}") = "MiniCodeProject.Tests", "MiniCodeProject.Tests\MiniCodeProject.Tests.csproj", "{75105F8C-E2FB-4035-80C7-C591F6806931}"
EndProject
Global
	GlobalSection(SolutionConfigurationPlatforms) = preSolution
		Debug|Any CPU = Debug|Any CPU
		Release|Any CPU = Release|Any CPU
	EndGlobalSection
	GlobalSection(ProjectConfigurationPlatforms) = postSolution
		{22832B9F-D3A4-4FBC-B50D-C786E709F9CD}.Debug|Any CPU.ActiveCfg = Debug|Any CPU
		{22832B9F-D3A4-4FBC-B50D-C786E709F9CD}.Debug|Any CPU.Build.0 = Debug|Any CPU
		{22832B9F-D3A4-4FBC-B50D-C786E709F9CD}.Release|Any CPU.ActiveCfg = Release|Any CPU
		{22832B9F-D3A4-4FBC-B50D-C786E709F9CD}.Release|Any CPU.Build.0 = Release|Any CPU
		{75105F8C-E2FB-4035-80C7-C591F6806931}.Debug|Any CPU.ActiveCfg = Debug|Any CPU
		{75105F8C-E2FB-4035-80C7-C591F6806931}.Debug|Any CPU.Build.0 = Debug|Any CPU
		{75105F8C-E2FB-4035-80C7-C591F6806931}.Release|Any CPU.ActiveCfg = Release|Any CPU
		{75105F8C-E2FB-4035-80C7-C591F6806931}.Release|Any CPU.Build.0 = Release|Any CPU
	EndGlobalSection
	GlobalSection(SolutionProperties) = preSolution
		HideSolutionNode = FALSE
	EndGlobalSection
	GlobalSection(ExtensibilityGlobals) = postSolution
		SolutionGuid = {68A80999-0968-478D-BB99-A620A1C4A0B9}
	EndGlobalSection
EndGlobal
